Microsoft Visual Studio Solution File, Format Version 9.00
# Visual C++ Express 2005
Project("{8BC9CEB8-8B4A-11D0-8D11-00A0C91BC942}") = "array4j", "array4j.vcproj", "{FFACBC7F-F715-44B0-B08F-0058838BF9E9}"
EndProject
Global
	GlobalSection(SolutionConfigurationPlatforms) = preSolution
		Debug|Win32 = Debug|Win32
		Release|Win32 = Release|Win32
	EndGlobalSection
	GlobalSection(ProjectConfigurationPlatforms) = postSolution
		{FFACBC7F-F715-44B0-B08F-0058838BF9E9}.Debug|Win32.ActiveCfg = Debug|Win32
		{FFACBC7F-F715-44B0-B08F-0058838BF9E9}.Debug|Win32.Build.0 = Debug|Win32
		{FFACBC7F-F715-44B0-B08F-0058838BF9E9}.Release|Win32.ActiveCfg = Release|Win32
		{FFACBC7F-F715-44B0-B08F-0058838BF9E9}.Release|Win32.Build.0 = Release|Win32
	EndGlobalSection
	GlobalSection(SolutionProperties) = preSolution
		HideSolutionNode = FALSE
	EndGlobalSection
EndGlobal
