
Microsoft Visual Studio Solution File, Format Version 9.00
# Visual Studio 2005
Project("{8BC9CEB8-8B4A-11D0-8D11-00A0C91BC942}") = "array4j", "array4j.vcproj", "{D1AFC317-177D-40F2-B4A4-C4FA5E5B70FF}"
EndProject
Global
	GlobalSection(SolutionConfigurationPlatforms) = preSolution
		Debug|Win32 = Debug|Win32
		Release|Win32 = Release|Win32
	EndGlobalSection
	GlobalSection(ProjectConfigurationPlatforms) = postSolution
		{D1AFC317-177D-40F2-B4A4-C4FA5E5B70FF}.Debug|Win32.ActiveCfg = Debug|Win32
		{D1AFC317-177D-40F2-B4A4-C4FA5E5B70FF}.Debug|Win32.Build.0 = Debug|Win32
		{D1AFC317-177D-40F2-B4A4-C4FA5E5B70FF}.Release|Win32.ActiveCfg = Release|Win32
		{D1AFC317-177D-40F2-B4A4-C4FA5E5B70FF}.Release|Win32.Build.0 = Release|Win32
	EndGlobalSection
	GlobalSection(SolutionProperties) = preSolution
		HideSolutionNode = FALSE
	EndGlobalSection
EndGlobal
